
Microsoft Visual Studio Solution File, Format Version 9.00
# Visual C++ Express 2005
Project("{8BC9CEB8-8B4A-11D0-8D11-00A0C91BC942}") = "BBWin", "Core\Core.vcproj", "{98DF289A-CD24-47CD-B811-603C09881B88}"
	ProjectSection(ProjectDependencies) = postProject
		{EFE4D26B-F137-4F92-93C3-123046934A2C} = {EFE4D26B-F137-4F92-93C3-123046934A2C}
		{1B583223-2C92-41B3-8955-837939209FFB} = {1B583223-2C92-41B3-8955-837939209FFB}
		{E8DE6718-B0FF-4E77-AE86-AE90AA6CEFE1} = {E8DE6718-B0FF-4E77-AE86-AE90AA6CEFE1}
	EndProjectSection
EndProject
Project("{8BC9CEB8-8B4A-11D0-8D11-00A0C91BC942}") = "BBWinCmd", "Core\BBWinCmd.vcproj", "{7FB946D3-0EF9-4C59-ACD5-4159BAA02008}"
	ProjectSection(ProjectDependencies) = postProject
		{EFE4D26B-F137-4F92-93C3-123046934A2C} = {EFE4D26B-F137-4F92-93C3-123046934A2C}
	EndProjectSection
EndProject
Project("{8BC9CEB8-8B4A-11D0-8D11-00A0C91BC942}") = "uptime", "Core\Agents\uptime\uptime.vcproj", "{9E7D70DD-A941-4B8C-8084-9011FF96E173}"
	ProjectSection(ProjectDependencies) = postProject
		{5FD05B63-7A8C-4563-91C7-8E481F35BFED} = {5FD05B63-7A8C-4563-91C7-8E481F35BFED}
	EndProjectSection
EndProject
Project("{8BC9CEB8-8B4A-11D0-8D11-00A0C91BC942}") = "common", "Core\Agents\common\common.vcproj", "{5FD05B63-7A8C-4563-91C7-8E481F35BFED}"
EndProject
Project("{8BC9CEB8-8B4A-11D0-8D11-00A0C91BC942}") = "cluster", "Externals\c\Cluster\cluster.vcproj", "{54212266-EFC0-4ED9-A401-D64906F6AE08}"
EndProject
Project("{8BC9CEB8-8B4A-11D0-8D11-00A0C91BC942}") = "cpu", "Core\Agents\cpu\cpu.vcproj", "{A59E54BE-3C29-41E1-BE1A-576C529B8E96}"
	ProjectSection(ProjectDependencies) = postProject
		{5FD05B63-7A8C-4563-91C7-8E481F35BFED} = {5FD05B63-7A8C-4563-91C7-8E481F35BFED}
	EndProjectSection
EndProject
Project("{8BC9CEB8-8B4A-11D0-8D11-00A0C91BC942}") = "disk", "Core\Agents\disk\disk.vcproj", "{057AF2BB-A6A4-4608-B6C7-A6C5BE20ADB3}"
	ProjectSection(ProjectDependencies) = postProject
		{1B583223-2C92-41B3-8955-837939209FFB} = {1B583223-2C92-41B3-8955-837939209FFB}
	EndProjectSection
EndProject
Project("{8BC9CEB8-8B4A-11D0-8D11-00A0C91BC942}") = "externals", "Core\Agents\externals\externals.vcproj", "{D459464C-59F8-464B-A6C1-A069136E78E5}"
EndProject
Project("{8BC9CEB8-8B4A-11D0-8D11-00A0C91BC942}") = "memory", "Core\Agents\memory\memory.vcproj", "{DD037882-89F4-4AA4-9BF3-B368CEA60E84}"
EndProject
Project("{8BC9CEB8-8B4A-11D0-8D11-00A0C91BC942}") = "procs", "Core\Agents\procs\procs.vcproj", "{BDD8DA2A-9F79-4F3F-8CF4-62C6B207C0F0}"
EndProject
Project("{8BC9CEB8-8B4A-11D0-8D11-00A0C91BC942}") = "sample", "Core\Agents\sample\sample.vcproj", "{169AFCB7-C5CD-40EB-BD38-715B3A96103D}"
EndProject
Project("{8BC9CEB8-8B4A-11D0-8D11-00A0C91BC942}") = "stats", "Core\Agents\stats\stats.vcproj", "{E8F7E4D3-C0DF-4D76-A754-B6B6DB70D797}"
EndProject
Project("{8BC9CEB8-8B4A-11D0-8D11-00A0C91BC942}") = "svcs", "Core\Agents\svcs\svcs.vcproj", "{FC692CA9-FCBB-4161-A104-FD7C5C269B95}"
	ProjectSection(ProjectDependencies) = postProject
		{5FD05B63-7A8C-4563-91C7-8E481F35BFED} = {5FD05B63-7A8C-4563-91C7-8E481F35BFED}
		{1B583223-2C92-41B3-8955-837939209FFB} = {1B583223-2C92-41B3-8955-837939209FFB}
	EndProjectSection
EndProject
Project("{8BC9CEB8-8B4A-11D0-8D11-00A0C91BC942}") = "msgs", "Core\Agents\msgs\msgs.vcproj", "{AB3AF868-F5E9-406F-AF02-A73FE6FEE3D6}"
	ProjectSection(ProjectDependencies) = postProject
		{1B583223-2C92-41B3-8955-837939209FFB} = {1B583223-2C92-41B3-8955-837939209FFB}
	EndProjectSection
EndProject
Project("{8BC9CEB8-8B4A-11D0-8D11-00A0C91BC942}") = "bbwinupdate", "Core\Agents\bbwinupdate\bbwinupdate.vcproj", "{44A9B2B1-08C7-4E52-9887-AFD3D7C33468}"
	ProjectSection(ProjectDependencies) = postProject
		{E8DE6718-B0FF-4E77-AE86-AE90AA6CEFE1} = {E8DE6718-B0FF-4E77-AE86-AE90AA6CEFE1}
		{1B583223-2C92-41B3-8955-837939209FFB} = {1B583223-2C92-41B3-8955-837939209FFB}
		{50006BAE-7E93-428A-9B13-14B5B31BB6E4} = {50006BAE-7E93-428A-9B13-14B5B31BB6E4}
		{EFE4D26B-F137-4F92-93C3-123046934A2C} = {EFE4D26B-F137-4F92-93C3-123046934A2C}
	EndProjectSection
EndProject
Project("{8BC9CEB8-8B4A-11D0-8D11-00A0C91BC942}") = "tinyxml", "Core\tinyxml.vcproj", "{E8DE6718-B0FF-4E77-AE86-AE90AA6CEFE1}"
EndProject
Project("{8BC9CEB8-8B4A-11D0-8D11-00A0C91BC942}") = "digest", "Core\Digest\digest.vcproj", "{50006BAE-7E93-428A-9B13-14B5B31BB6E4}"
EndProject
Project("{8BC9CEB8-8B4A-11D0-8D11-00A0C91BC942}") = "BBWinNet", "Core\BBWinNet.vcproj", "{EFE4D26B-F137-4F92-93C3-123046934A2C}"
EndProject
Project("{8BC9CEB8-8B4A-11D0-8D11-00A0C91BC942}") = "who", "Core\Agents\who\who.vcproj", "{2CB84EBA-BC33-4C12-B083-FD9508B0B9F5}"
EndProject
Project("{8BC9CEB8-8B4A-11D0-8D11-00A0C91BC942}") = "utils", "Core\Utils.vcproj", "{1B583223-2C92-41B3-8955-837939209FFB}"
EndProject
Project("{8BC9CEB8-8B4A-11D0-8D11-00A0C91BC942}") = "filesystem", "Core\Agents\filesystem\filesystem.vcproj", "{86F3827D-96B4-44BC-A60E-50FC51375F65}"
	ProjectSection(ProjectDependencies) = postProject
		{50006BAE-7E93-428A-9B13-14B5B31BB6E4} = {50006BAE-7E93-428A-9B13-14B5B31BB6E4}
		{1B583223-2C92-41B3-8955-837939209FFB} = {1B583223-2C92-41B3-8955-837939209FFB}
	EndProjectSection
EndProject
Global
	GlobalSection(SolutionConfigurationPlatforms) = preSolution
		Debug|Win32 = Debug|Win32
		Release|Win32 = Release|Win32
	EndGlobalSection
	GlobalSection(ProjectConfigurationPlatforms) = postSolution
		{98DF289A-CD24-47CD-B811-603C09881B88}.Debug|Win32.ActiveCfg = Debug|Win32
		{98DF289A-CD24-47CD-B811-603C09881B88}.Debug|Win32.Build.0 = Debug|Win32
		{98DF289A-CD24-47CD-B811-603C09881B88}.Release|Win32.ActiveCfg = Release|Win32
		{98DF289A-CD24-47CD-B811-603C09881B88}.Release|Win32.Build.0 = Release|Win32
		{7FB946D3-0EF9-4C59-ACD5-4159BAA02008}.Debug|Win32.ActiveCfg = Debug|Win32
		{7FB946D3-0EF9-4C59-ACD5-4159BAA02008}.Debug|Win32.Build.0 = Debug|Win32
		{7FB946D3-0EF9-4C59-ACD5-4159BAA02008}.Release|Win32.ActiveCfg = Release|Win32
		{7FB946D3-0EF9-4C59-ACD5-4159BAA02008}.Release|Win32.Build.0 = Release|Win32
		{9E7D70DD-A941-4B8C-8084-9011FF96E173}.Debug|Win32.ActiveCfg = Debug|Win32
		{9E7D70DD-A941-4B8C-8084-9011FF96E173}.Debug|Win32.Build.0 = Debug|Win32
		{9E7D70DD-A941-4B8C-8084-9011FF96E173}.Release|Win32.ActiveCfg = Release|Win32
		{9E7D70DD-A941-4B8C-8084-9011FF96E173}.Release|Win32.Build.0 = Release|Win32
		{5FD05B63-7A8C-4563-91C7-8E481F35BFED}.Debug|Win32.ActiveCfg = Debug|Win32
		{5FD05B63-7A8C-4563-91C7-8E481F35BFED}.Debug|Win32.Build.0 = Debug|Win32
		{5FD05B63-7A8C-4563-91C7-8E481F35BFED}.Release|Win32.ActiveCfg = Release|Win32
		{5FD05B63-7A8C-4563-91C7-8E481F35BFED}.Release|Win32.Build.0 = Release|Win32
		{54212266-EFC0-4ED9-A401-D64906F6AE08}.Debug|Win32.ActiveCfg = Debug|Win32
		{54212266-EFC0-4ED9-A401-D64906F6AE08}.Debug|Win32.Build.0 = Debug|Win32
		{54212266-EFC0-4ED9-A401-D64906F6AE08}.Release|Win32.ActiveCfg = Release|Win32
		{54212266-EFC0-4ED9-A401-D64906F6AE08}.Release|Win32.Build.0 = Release|Win32
		{A59E54BE-3C29-41E1-BE1A-576C529B8E96}.Debug|Win32.ActiveCfg = Debug|Win32
		{A59E54BE-3C29-41E1-BE1A-576C529B8E96}.Debug|Win32.Build.0 = Debug|Win32
		{A59E54BE-3C29-41E1-BE1A-576C529B8E96}.Release|Win32.ActiveCfg = Release|Win32
		{A59E54BE-3C29-41E1-BE1A-576C529B8E96}.Release|Win32.Build.0 = Release|Win32
		{057AF2BB-A6A4-4608-B6C7-A6C5BE20ADB3}.Debug|Win32.ActiveCfg = Debug|Win32
		{057AF2BB-A6A4-4608-B6C7-A6C5BE20ADB3}.Debug|Win32.Build.0 = Debug|Win32
		{057AF2BB-A6A4-4608-B6C7-A6C5BE20ADB3}.Release|Win32.ActiveCfg = Release|Win32
		{057AF2BB-A6A4-4608-B6C7-A6C5BE20ADB3}.Release|Win32.Build.0 = Release|Win32
		{D459464C-59F8-464B-A6C1-A069136E78E5}.Debug|Win32.ActiveCfg = Debug|Win32
		{D459464C-59F8-464B-A6C1-A069136E78E5}.Debug|Win32.Build.0 = Debug|Win32
		{D459464C-59F8-464B-A6C1-A069136E78E5}.Release|Win32.ActiveCfg = Release|Win32
		{D459464C-59F8-464B-A6C1-A069136E78E5}.Release|Win32.Build.0 = Release|Win32
		{DD037882-89F4-4AA4-9BF3-B368CEA60E84}.Debug|Win32.ActiveCfg = Debug|Win32
		{DD037882-89F4-4AA4-9BF3-B368CEA60E84}.Debug|Win32.Build.0 = Debug|Win32
		{DD037882-89F4-4AA4-9BF3-B368CEA60E84}.Release|Win32.ActiveCfg = Release|Win32
		{DD037882-89F4-4AA4-9BF3-B368CEA60E84}.Release|Win32.Build.0 = Release|Win32
		{BDD8DA2A-9F79-4F3F-8CF4-62C6B207C0F0}.Debug|Win32.ActiveCfg = Debug|Win32
		{BDD8DA2A-9F79-4F3F-8CF4-62C6B207C0F0}.Debug|Win32.Build.0 = Debug|Win32
		{BDD8DA2A-9F79-4F3F-8CF4-62C6B207C0F0}.Release|Win32.ActiveCfg = Release|Win32
		{BDD8DA2A-9F79-4F3F-8CF4-62C6B207C0F0}.Release|Win32.Build.0 = Release|Win32
		{169AFCB7-C5CD-40EB-BD38-715B3A96103D}.Debug|Win32.ActiveCfg = Debug|Win32
		{169AFCB7-C5CD-40EB-BD38-715B3A96103D}.Debug|Win32.Build.0 = Debug|Win32
		{169AFCB7-C5CD-40EB-BD38-715B3A96103D}.Release|Win32.ActiveCfg = Release|Win32
		{169AFCB7-C5CD-40EB-BD38-715B3A96103D}.Release|Win32.Build.0 = Release|Win32
		{E8F7E4D3-C0DF-4D76-A754-B6B6DB70D797}.Debug|Win32.ActiveCfg = Debug|Win32
		{E8F7E4D3-C0DF-4D76-A754-B6B6DB70D797}.Debug|Win32.Build.0 = Debug|Win32
		{E8F7E4D3-C0DF-4D76-A754-B6B6DB70D797}.Release|Win32.ActiveCfg = Release|Win32
		{E8F7E4D3-C0DF-4D76-A754-B6B6DB70D797}.Release|Win32.Build.0 = Release|Win32
		{FC692CA9-FCBB-4161-A104-FD7C5C269B95}.Debug|Win32.ActiveCfg = Debug|Win32
		{FC692CA9-FCBB-4161-A104-FD7C5C269B95}.Debug|Win32.Build.0 = Debug|Win32
		{FC692CA9-FCBB-4161-A104-FD7C5C269B95}.Release|Win32.ActiveCfg = Release|Win32
		{FC692CA9-FCBB-4161-A104-FD7C5C269B95}.Release|Win32.Build.0 = Release|Win32
		{AB3AF868-F5E9-406F-AF02-A73FE6FEE3D6}.Debug|Win32.ActiveCfg = Debug|Win32
		{AB3AF868-F5E9-406F-AF02-A73FE6FEE3D6}.Debug|Win32.Build.0 = Debug|Win32
		{AB3AF868-F5E9-406F-AF02-A73FE6FEE3D6}.Release|Win32.ActiveCfg = Release|Win32
		{AB3AF868-F5E9-406F-AF02-A73FE6FEE3D6}.Release|Win32.Build.0 = Release|Win32
		{44A9B2B1-08C7-4E52-9887-AFD3D7C33468}.Debug|Win32.ActiveCfg = Debug|Win32
		{44A9B2B1-08C7-4E52-9887-AFD3D7C33468}.Debug|Win32.Build.0 = Debug|Win32
		{44A9B2B1-08C7-4E52-9887-AFD3D7C33468}.Release|Win32.ActiveCfg = Release|Win32
		{44A9B2B1-08C7-4E52-9887-AFD3D7C33468}.Release|Win32.Build.0 = Release|Win32
		{E8DE6718-B0FF-4E77-AE86-AE90AA6CEFE1}.Debug|Win32.ActiveCfg = Debug|Win32
		{E8DE6718-B0FF-4E77-AE86-AE90AA6CEFE1}.Debug|Win32.Build.0 = Debug|Win32
		{E8DE6718-B0FF-4E77-AE86-AE90AA6CEFE1}.Release|Win32.ActiveCfg = Release|Win32
		{E8DE6718-B0FF-4E77-AE86-AE90AA6CEFE1}.Release|Win32.Build.0 = Release|Win32
		{50006BAE-7E93-428A-9B13-14B5B31BB6E4}.Debug|Win32.ActiveCfg = Debug|Win32
		{50006BAE-7E93-428A-9B13-14B5B31BB6E4}.Debug|Win32.Build.0 = Debug|Win32
		{50006BAE-7E93-428A-9B13-14B5B31BB6E4}.Release|Win32.ActiveCfg = Release|Win32
		{50006BAE-7E93-428A-9B13-14B5B31BB6E4}.Release|Win32.Build.0 = Release|Win32
		{EFE4D26B-F137-4F92-93C3-123046934A2C}.Debug|Win32.ActiveCfg = Debug|Win32
		{EFE4D26B-F137-4F92-93C3-123046934A2C}.Debug|Win32.Build.0 = Debug|Win32
		{EFE4D26B-F137-4F92-93C3-123046934A2C}.Release|Win32.ActiveCfg = Release|Win32
		{EFE4D26B-F137-4F92-93C3-123046934A2C}.Release|Win32.Build.0 = Release|Win32
		{2CB84EBA-BC33-4C12-B083-FD9508B0B9F5}.Debug|Win32.ActiveCfg = Debug|Win32
		{2CB84EBA-BC33-4C12-B083-FD9508B0B9F5}.Debug|Win32.Build.0 = Debug|Win32
		{2CB84EBA-BC33-4C12-B083-FD9508B0B9F5}.Release|Win32.ActiveCfg = Release|Win32
		{2CB84EBA-BC33-4C12-B083-FD9508B0B9F5}.Release|Win32.Build.0 = Release|Win32
		{1B583223-2C92-41B3-8955-837939209FFB}.Debug|Win32.ActiveCfg = Debug|Win32
		{1B583223-2C92-41B3-8955-837939209FFB}.Debug|Win32.Build.0 = Debug|Win32
		{1B583223-2C92-41B3-8955-837939209FFB}.Release|Win32.ActiveCfg = Release|Win32
		{1B583223-2C92-41B3-8955-837939209FFB}.Release|Win32.Build.0 = Release|Win32
		{86F3827D-96B4-44BC-A60E-50FC51375F65}.Debug|Win32.ActiveCfg = Debug|Win32
		{86F3827D-96B4-44BC-A60E-50FC51375F65}.Debug|Win32.Build.0 = Debug|Win32
		{86F3827D-96B4-44BC-A60E-50FC51375F65}.Release|Win32.ActiveCfg = Release|Win32
		{86F3827D-96B4-44BC-A60E-50FC51375F65}.Release|Win32.Build.0 = Release|Win32
	EndGlobalSection
	GlobalSection(SolutionProperties) = preSolution
		HideSolutionNode = FALSE
	EndGlobalSection
EndGlobal
